Microsoft Visual Studio Solution File, Format Version 12.00
# Visual Studio Version 16
VisualStudioVersion = 16.0.31702.278
MinimumVisualStudioVersion = 10.0.40219.1
Project("{8BC9CEB8-8B4A-11D0-8D11-00A0C91BC942}") = "kpiadx", "kpiadx.vcxproj", "{98D6FE13-8369-467C-B29C-5216328D52D0}"
EndProject
Global
	GlobalSection(SolutionConfigurationPlatforms) = preSolution
		Debug|x64 = Debug|x64
		Debug|x86 = Debug|x86
		Release|x64 = Release|x64
		Release|x86 = Release|x86
	EndGlobalSection
	GlobalSection(ProjectConfigurationPlatforms) = postSolution
		{98D6FE13-8369-467C-B29C-5216328D52D0}.Debug|x64.ActiveCfg = Debug|x64
		{98D6FE13-8369-467C-B29C-5216328D52D0}.Debug|x64.Build.0 = Debug|x64
		{98D6FE13-8369-467C-B29C-5216328D52D0}.Debug|x86.ActiveCfg = Debug|Win32
		{98D6FE13-8369-467C-B29C-5216328D52D0}.Debug|x86.Build.0 = Debug|Win32
		{98D6FE13-8369-467C-B29C-5216328D52D0}.Release|x64.ActiveCfg = Release|x64
		{98D6FE13-8369-467C-B29C-5216328D52D0}.Release|x64.Build.0 = Release|x64
		{98D6FE13-8369-467C-B29C-5216328D52D0}.Release|x86.ActiveCfg = Release|Win32
		{98D6FE13-8369-467C-B29C-5216328D52D0}.Release|x86.Build.0 = Release|Win32
	EndGlobalSection
	GlobalSection(SolutionProperties) = preSolution
		HideSolutionNode = FALSE
	EndGlobalSection
	GlobalSection(ExtensibilityGlobals) = postSolution
		SolutionGuid = {6142E2D7-83C6-4A1C-B64E-81F4120E53B4}
	EndGlobalSection
EndGlobal
